// !$*UTF8*$!
{
	archiveVersion = 1;
	classes = {
	};
	objectVersion = 48;
	objects = {

/* Begin PBXBuildFile section */
		CD073D831FEC7DE3007B4B33 /* AppDelegate.swift in Sources */ = {isa = PBXBuildFile; fileRef = CD073D821FEC7DE3007B4B33 /* AppDelegate.swift */; };
		CD073D871FEC7DE3007B4B33 /* GameViewController.swift in Sources */ = {isa = PBXBuildFile; fileRef = CD073D861FEC7DE3007B4B33 /* GameViewController.swift */; };
		CD073D8A1FEC7DE3007B4B33 /* Main.storyboard in Resources */ = {isa = PBXBuildFile; fileRef = CD073D881FEC7DE3007B4B33 /* Main.storyboard */; };
		CD073D8C1FEC7DE3007B4B33 /* Assets.xcassets in Resources */ = {isa = PBXBuildFile; fileRef = CD073D8B1FEC7DE3007B4B33 /* Assets.xcassets */; };
		CD073D8F1FEC7DE3007B4B33 /* LaunchScreen.storyboard in Resources */ = {isa = PBXBuildFile; fileRef = CD073D8D1FEC7DE3007B4B33 /* LaunchScreen.storyboard */; };
		CD5805BF1FF8231D005B5D3F /* ShapeType.swift in Sources */ = {isa = PBXBuildFile; fileRef = CD5805BE1FF8231D005B5D3F /* ShapeType.swift */; };
		CD5805C81FF88E9A005B5D3F /* Int+Extensions.swift in Sources */ = {isa = PBXBuildFile; fileRef = CD5805C11FF88E9A005B5D3F /* Int+Extensions.swift */; };
		CD5805C91FF88E9A005B5D3F /* UIColor+Extensions.swift in Sources */ = {isa = PBXBuildFile; fileRef = CD5805C21FF88E9A005B5D3F /* UIColor+Extensions.swift */; };
		CD5805CA1FF88E9A005B5D3F /* GameHelper.swift in Sources */ = {isa = PBXBuildFile; fileRef = CD5805C31FF88E9A005B5D3F /* GameHelper.swift */; };
		CD5805CB1FF88E9A005B5D3F /* SCNAction+Extensions.swift in Sources */ = {isa = PBXBuildFile; fileRef = CD5805C41FF88E9A005B5D3F /* SCNAction+Extensions.swift */; };
		CD5805CC1FF88E9A005B5D3F /* Generics.swift in Sources */ = {isa = PBXBuildFile; fileRef = CD5805C51FF88E9A005B5D3F /* Generics.swift */; };
		CD5805CD1FF88E9A005B5D3F /* Float+Extensions.swift in Sources */ = {isa = PBXBuildFile; fileRef = CD5805C61FF88E9A005B5D3F /* Float+Extensions.swift */; };
		CD5805CE1FF88E9A005B5D3F /* Double+Extensions.swift in Sources */ = {isa = PBXBuildFile; fileRef = CD5805C71FF88E9A005B5D3F /* Double+Extensions.swift */; };
		CDD18B2D1FF179EF00A1B622 /* GeometryFighter.scnassets in Resources */ = {isa = PBXBuildFile; fileRef = CDD18B2C1FF179EF00A1B622 /* GeometryFighter.scnassets */; };
/* End PBXBuildFile section */

/* Begin PBXFileReference section */
		CD073D7F1FEC7DE3007B4B33 /* Folledo3DFighter.app */ = {isa = PBXFileReference; explicitFileType = wrapper.application; includeInIndex = 0; path = Folledo3DFighter.app; sourceTree = BUILT_PRODUCTS_DIR; };
		CD073D821FEC7DE3007B4B33 /* AppDelegate.swift */ = {isa = PBXFileReference; lastKnownFileType = sourcecode.swift; path = AppDelegate.swift; sourceTree = "<group>"; };
		CD073D861FEC7DE3007B4B33 /* GameViewController.swift */ = {isa = PBXFileReference; lastKnownFileType = sourcecode.swift; path = GameViewController.swift; sourceTree = "<group>"; };
		CD073D891FEC7DE3007B4B33 /* Base */ = {isa = PBXFileReference; lastKnownFileType = file.storyboard; name = Base; path = Base.lproj/Main.storyboard; sourceTree = "<group>"; };
		CD073D8B1FEC7DE3007B4B33 /* Assets.xcassets */ = {isa = PBXFileReference; lastKnownFileType = folder.assetcatalog; path = Assets.xcassets; sourceTree = "<group>"; };
		CD073D8E1FEC7DE3007B4B33 /* Base */ = {isa = PBXFileReference; lastKnownFileType = file.storyboard; name = Base; path = Base.lproj/LaunchScreen.storyboard; sourceTree = "<group>"; };
		CD073D901FEC7DE3007B4B33 /* Info.plist */ = {isa = PBXFileReference; lastKnownFileType = text.plist.xml; path = Info.plist; sourceTree = "<group>"; };
		CD5805BE1FF8231D005B5D3F /* ShapeType.swift */ = {isa = PBXFileReference; lastKnownFileType = sourcecode.swift; path = ShapeType.swift; sourceTree = "<group>"; };
		CD5805C11FF88E9A005B5D3F /* Int+Extensions.swift */ = {isa = PBXFileReference; fileEncoding = 4; lastKnownFileType = sourcecode.swift; path = "Int+Extensions.swift"; sourceTree = "<group>"; };
		CD5805C21FF88E9A005B5D3F /* UIColor+Extensions.swift */ = {isa = PBXFileReference; fileEncoding = 4; lastKnownFileType = sourcecode.swift; path = "UIColor+Extensions.swift"; sourceTree = "<group>"; };
		CD5805C31FF88E9A005B5D3F /* GameHelper.swift */ = {isa = PBXFileReference; fileEncoding = 4; lastKnownFileType = sourcecode.swift; path = GameHelper.swift; sourceTree = "<group>"; };
		CD5805C41FF88E9A005B5D3F /* SCNAction+Extensions.swift */ = {isa = PBXFileReference; fileEncoding = 4; lastKnownFileType = sourcecode.swift; path = "SCNAction+Extensions.swift"; sourceTree = "<group>"; };
		CD5805C51FF88E9A005B5D3F /* Generics.swift */ = {isa = PBXFileReference; fileEncoding = 4; lastKnownFileType = sourcecode.swift; path = Generics.swift; sourceTree = "<group>"; };
		CD5805C61FF88E9A005B5D3F /* Float+Extensions.swift */ = {isa = PBXFileReference; fileEncoding = 4; lastKnownFileType = sourcecode.swift; path = "Float+Extensions.swift"; sourceTree = "<group>"; };
		CD5805C71FF88E9A005B5D3F /* Double+Extensions.swift */ = {isa = PBXFileReference; fileEncoding = 4; lastKnownFileType = sourcecode.swift; path = "Double+Extensions.swift"; sourceTree = "<group>"; };
		CDD18B2C1FF179EF00A1B622 /* GeometryFighter.scnassets */ = {isa = PBXFileReference; lastKnownFileType = wrapper.scnassets; path = GeometryFighter.scnassets; sourceTree = "<group>"; };
/* End PBXFileReference section */

/* Begin PBXFrameworksBuildPhase section */
		CD073D7C1FEC7DE3007B4B33 /* Frameworks */ = {
			isa = PBXFrameworksBuildPhase;
			buildActionMask = 2147483647;
			files = (
			);
			runOnlyForDeploymentPostprocessing = 0;
		};
/* End PBXFrameworksBuildPhase section */

/* Begin PBXGroup section */
		CD073D761FEC7DE3007B4B33 = {
			isa = PBXGroup;
			children = (
				CD073D811FEC7DE3007B4B33 /* Folledo3DFighter */,
				CD073D801FEC7DE3007B4B33 /* Products */,
			);
			sourceTree = "<group>";
		};
		CD073D801FEC7DE3007B4B33 /* Products */ = {
			isa = PBXGroup;
			children = (
				CD073D7F1FEC7DE3007B4B33 /* Folledo3DFighter.app */,
			);
			name = Products;
			sourceTree = "<group>";
		};
		CD073D811FEC7DE3007B4B33 /* Folledo3DFighter */ = {
			isa = PBXGroup;
			children = (
				CD073D821FEC7DE3007B4B33 /* AppDelegate.swift */,
				CD5805C01FF88E9A005B5D3F /* GameUtils */,
				CDD18B2C1FF179EF00A1B622 /* GeometryFighter.scnassets */,
				CD073D861FEC7DE3007B4B33 /* GameViewController.swift */,
				CD5805BE1FF8231D005B5D3F /* ShapeType.swift */,
				CD073D881FEC7DE3007B4B33 /* Main.storyboard */,
				CD073D8B1FEC7DE3007B4B33 /* Assets.xcassets */,
				CD073D8D1FEC7DE3007B4B33 /* LaunchScreen.storyboard */,
				CD073D901FEC7DE3007B4B33 /* Info.plist */,
			);
			path = Folledo3DFighter;
			sourceTree = "<group>";
		};
		CD5805C01FF88E9A005B5D3F /* GameUtils */ = {
			isa = PBXGroup;
			children = (
				CD5805C11FF88E9A005B5D3F /* Int+Extensions.swift */,
				CD5805C21FF88E9A005B5D3F /* UIColor+Extensions.swift */,
				CD5805C31FF88E9A005B5D3F /* GameHelper.swift */,
				CD5805C41FF88E9A005B5D3F /* SCNAction+Extensions.swift */,
				CD5805C51FF88E9A005B5D3F /* Generics.swift */,
				CD5805C61FF88E9A005B5D3F /* Float+Extensions.swift */,
				CD5805C71FF88E9A005B5D3F /* Double+Extensions.swift */,
			);
			path = GameUtils;
			sourceTree = "<group>";
		};
/* End PBXGroup section */

/* Begin PBXNativeTarget section */
		CD073D7E1FEC7DE3007B4B33 /* Folledo3DFighter */ = {
			isa = PBXNativeTarget;
			buildConfigurationList = CD073D931FEC7DE4007B4B33 /* Build configuration list for PBXNativeTarget "Folledo3DFighter" */;
			buildPhases = (
				CD073D7B1FEC7DE3007B4B33 /* Sources */,
				CD073D7C1FEC7DE3007B4B33 /* Frameworks */,
				CD073D7D1FEC7DE3007B4B33 /* Resources */,
			);
			buildRules = (
			);
			dependencies = (
			);
			name = Folledo3DFighter;
			productName = Folledo3DFighter;
			productReference = CD073D7F1FEC7DE3007B4B33 /* Folledo3DFighter.app */;
			productType = "com.apple.product-type.application";
		};
/* End PBXNativeTarget section */

/* Begin PBXProject section */
		CD073D771FEC7DE3007B4B33 /* Project object */ = {
			isa = PBXProject;
			attributes = {
				LastSwiftUpdateCheck = 0920;
				LastUpgradeCheck = 0920;
				ORGANIZATIONNAME = "Samuel Folledo";
				TargetAttributes = {
					CD073D7E1FEC7DE3007B4B33 = {
						CreatedOnToolsVersion = 9.2;
						ProvisioningStyle = Automatic;
					};
				};
			};
			buildConfigurationList = CD073D7A1FEC7DE3007B4B33 /* Build configuration list for PBXProject "Folledo3DFighter" */;
			compatibilityVersion = "Xcode 8.0";
			developmentRegion = en;
			hasScannedForEncodings = 0;
			knownRegions = (
				en,
				Base,
			);
			mainGroup = CD073D761FEC7DE3007B4B33;
			productRefGroup = CD073D801FEC7DE3007B4B33 /* Products */;
			projectDirPath = "";
			projectRoot = "";
			targets = (
				CD073D7E1FEC7DE3007B4B33 /* Folledo3DFighter */,
			);
		};
/* End PBXProject section */

/* Begin PBXResourcesBuildPhase section */
		CD073D7D1FEC7DE3007B4B33 /* Resources */ = {
			isa = PBXResourcesBuildPhase;
			buildActionMask = 2147483647;
			files = (
				CD073D8F1FEC7DE3007B4B33 /* LaunchScreen.storyboard in Resources */,
				CD073D8C1FEC7DE3007B4B33 /* Assets.xcassets in Resources */,
				CD073D8A1FEC7DE3007B4B33 /* Main.storyboard in Resources */,
				CDD18B2D1FF179EF00A1B622 /* GeometryFighter.scnassets in Resources */,
			);
			runOnlyForDeploymentPostprocessing = 0;
		};
/* End PBXResourcesBuildPhase section */

/* Begin PBXSourcesBuildPhase section */
		CD073D7B1FEC7DE3007B4B33 /* Sources */ = {
			isa = PBXSourcesBuildPhase;
			buildActionMask = 2147483647;
			files = (
				CD073D871FEC7DE3007B4B33 /* GameViewController.swift in Sources */,
				CD5805CC1FF88E9A005B5D3F /* Generics.swift in Sources */,
				CD5805C91FF88E9A005B5D3F /* UIColor+Extensions.swift in Sources */,
				CD5805C81FF88E9A005B5D3F /* Int+Extensions.swift in Sources */,
				CD5805CE1FF88E9A005B5D3F /* Double+Extensions.swift in Sources */,
				CD5805BF1FF8231D005B5D3F /* ShapeType.swift in Sources */,
				CD5805CB1FF88E9A005B5D3F /* SCNAction+Extensions.swift in Sources */,
				CD073D831FEC7DE3007B4B33 /* AppDelegate.swift in Sources */,
				CD5805CD1FF88E9A005B5D3F /* Float+Extensions.swift in Sources */,
				CD5805CA1FF88E9A005B5D3F /* GameHelper.swift in Sources */,
			);
			runOnlyForDeploymentPostprocessing = 0;
		};
/* End PBXSourcesBuildPhase section */

/* Begin PBXVariantGroup section */
		CD073D881FEC7DE3007B4B33 /* Main.storyboard */ = {
			isa = PBXVariantGroup;
			children = (
				CD073D891FEC7DE3007B4B33 /* Base */,
			);
			name = Main.storyboard;
			sourceTree = "<group>";
		};
		CD073D8D1FEC7DE3007B4B33 /* LaunchScreen.storyboard */ = {
			isa = PBXVariantGroup;
			children = (
				CD073D8E1FEC7DE3007B4B33 /* Base */,
			);
			name = LaunchScreen.storyboard;
			sourceTree = "<group>";
		};
/* End PBXVariantGroup section */

/* Begin XCBuildConfiguration section */
		CD073D911FEC7DE3007B4B33 /* Debug */ = {
			isa = XCBuildConfiguration;
			buildSettings = {
				ALWAYS_SEARCH_USER_PATHS = NO;
				CLANG_ANALYZER_NONNULL = YES;
				CLANG_ANALYZER_NUMBER_OBJECT_CONVERSION = YES_AGGRESSIVE;
				CLANG_CXX_LANGUAGE_STANDARD = "gnu++14";
				CLANG_CXX_LIBRARY = "libc++";
				CLANG_ENABLE_MODULES = YES;
				CLANG_ENABLE_OBJC_ARC = YES;
				CLANG_WARN_BLOCK_CAPTURE_AUTORELEASING = YES;
				CLANG_WARN_BOOL_CONVERSION = YES;
				CLANG_WARN_COMMA = YES;
				CLANG_WARN_CONSTANT_CONVERSION = YES;
				CLANG_WARN_DIRECT_OBJC_ISA_USAGE = YES_ERROR;
				CLANG_WARN_DOCUMENTATION_COMMENTS = YES;
				CLANG_WARN_EMPTY_BODY = YES;
				CLANG_WARN_ENUM_CONVERSION = YES;
				CLANG_WARN_INFINITE_RECURSION = YES;
				CLANG_WARN_INT_CONVERSION = YES;
				CLANG_WARN_NON_LITERAL_NULL_CONVERSION = YES;
				CLANG_WARN_OBJC_LITERAL_CONVERSION = YES;
				CLANG_WARN_OBJC_ROOT_CLASS = YES_ERROR;
				CLANG_WARN_RANGE_LOOP_ANALYSIS = YES;
				CLANG_WARN_STRICT_PROTOTYPES = YES;
				CLANG_WARN_SUSPICIOUS_MOVE = YES;
				CLANG_WARN_UNGUARDED_AVAILABILITY = YES_AGGRESSIVE;
				CLANG_WARN_UNREACHABLE_CODE = YES;
				CLANG_WARN__DUPLICATE_METHOD_MATCH = YES;
				CODE_SIGN_IDENTITY = "iPhone Developer";
				COPY_PHASE_STRIP = NO;
				DEBUG_INFORMATION_FORMAT = dwarf;
				ENABLE_STRICT_OBJC_MSGSEND = YES;
				ENABLE_TESTABILITY = YES;
				GCC_C_LANGUAGE_STANDARD = gnu11;
				GCC_DYNAMIC_NO_PIC = NO;
				GCC_NO_COMMON_BLOCKS = YES;
				GCC_OPTIMIZATION_LEVEL = 0;
				GCC_PREPROCESSOR_DEFINITIONS = (
					"DEBUG=1",
					"$(inherited)",
				);
				GCC_WARN_64_TO_32_BIT_CONVERSION = YES;
				GCC_WARN_ABOUT_RETURN_TYPE = YES_ERROR;
				GCC_WARN_UNDECLARED_SELECTOR = YES;
				GCC_WARN_UNINITIALIZED_AUTOS = YES_AGGRESSIVE;
				GCC_WARN_UNUSED_FUNCTION = YES;
				GCC_WARN_UNUSED_VARIABLE = YES;
				IPHONEOS_DEPLOYMENT_TARGET = 11.2;
				MTL_ENABLE_DEBUG_INFO = YES;
				ONLY_ACTIVE_ARCH = YES;
				SDKROOT = iphoneos;
				SWIFT_ACTIVE_COMPILATION_CONDITIONS = DEBUG;
				SWIFT_OPTIMIZATION_LEVEL = "-Onone";
			};
			name = Debug;
		};
		CD073D921FEC7DE3007B4B33 /* Release */ = {
			isa = XCBuildConfiguration;
			buildSettings = {
				ALWAYS_SEARCH_USER_PATHS = NO;
				CLANG_ANALYZER_NONNULL = YES;
				CLANG_ANALYZER_NUMBER_OBJECT_CONVERSION = YES_AGGRESSIVE;
				CLANG_CXX_LANGUAGE_STANDARD = "gnu++14";
				CLANG_CXX_LIBRARY = "libc++";
				CLANG_ENABLE_MODULES = YES;
				CLANG_ENABLE_OBJC_ARC = YES;
				CLANG_WARN_BLOCK_CAPTURE_AUTORELEASING = YES;
				CLANG_WARN_BOOL_CONVERSION = YES;
				CLANG_WARN_COMMA = YES;
				CLANG_WARN_CONSTANT_CONVERSION = YES;
				CLANG_WARN_DIRECT_OBJC_ISA_USAGE = YES_ERROR;
				CLANG_WARN_DOCUMENTATION_COMMENTS = YES;
				CLANG_WARN_EMPTY_BODY = YES;
				CLANG_WARN_ENUM_CONVERSION = YES;
				CLANG_WARN_INFINITE_RECURSION = YES;
				CLANG_WARN_INT_CONVERSION = YES;
				CLANG_WARN_NON_LITERAL_NULL_CONVERSION = YES;
				CLANG_WARN_OBJC_LITERAL_CONVERSION = YES;
				CLANG_WARN_OBJC_ROOT_CLASS = YES_ERROR;
				CLANG_WARN_RANGE_LOOP_ANALYSIS = YES;
				CLANG_WARN_STRICT_PROTOTYPES = YES;
				CLANG_WARN_SUSPICIOUS_MOVE = YES;
				CLANG_WARN_UNGUARDED_AVAILABILITY = YES_AGGRESSIVE;
				CLANG_WARN_UNREACHABLE_CODE = YES;
				CLANG_WARN__DUPLICATE_METHOD_MATCH = YES;
				CODE_SIGN_IDENTITY = "iPhone Developer";
				COPY_PHASE_STRIP = NO;
				DEBUG_INFORMATION_FORMAT = "dwarf-with-dsym";
				ENABLE_NS_ASSERTIONS = NO;
				ENABLE_STRICT_OBJC_MSGSEND = YES;
				GCC_C_LANGUAGE_STANDARD = gnu11;
				GCC_NO_COMMON_BLOCKS = YES;
				GCC_WARN_64_TO_32_BIT_CONVERSION = YES;
				GCC_WARN_ABOUT_RETURN_TYPE = YES_ERROR;
				GCC_WARN_UNDECLARED_SELECTOR = YES;
				GCC_WARN_UNINITIALIZED_AUTOS = YES_AGGRESSIVE;
				GCC_WARN_UNUSED_FUNCTION = YES;
				GCC_WARN_UNUSED_VARIABLE = YES;
				IPHONEOS_DEPLOYMENT_TARGET = 11.2;
				MTL_ENABLE_DEBUG_INFO = NO;
				SDKROOT = iphoneos;
				SWIFT_OPTIMIZATION_LEVEL = "-Owholemodule";
				VALIDATE_PRODUCT = YES;
			};
			name = Release;
		};
		CD073D941FEC7DE4007B4B33 /* Debug */ = {
			isa = XCBuildConfiguration;
			buildSettings = {
				ASSETCATALOG_COMPILER_APPICON_NAME = AppIcon;
				"CODE_SIGN_IDENTITY[sdk=iphoneos*]" = "iPhone Developer";
				CODE_SIGN_STYLE = Automatic;
				DEVELOPMENT_TEAM = 8KSKUH7X29;
				INFOPLIST_FILE = Folledo3DFighter/Info.plist;
				LD_RUNPATH_SEARCH_PATHS = "$(inherited) @executable_path/Frameworks";
				PRODUCT_BUNDLE_IDENTIFIER = com.Kobe.Folledo3DFighter;
				PRODUCT_NAME = "$(TARGET_NAME)";
				PROVISIONING_PROFILE_SPECIFIER = "";
				SWIFT_VERSION = 4.0;
				TARGETED_DEVICE_FAMILY = "1,2";
			};
			name = Debug;
		};
		CD073D951FEC7DE4007B4B33 /* Release */ = {
			isa = XCBuildConfiguration;
			buildSettings = {
				ASSETCATALOG_COMPILER_APPICON_NAME = AppIcon;
				"CODE_SIGN_IDENTITY[sdk=iphoneos*]" = "iPhone Developer";
				CODE_SIGN_STYLE = Automatic;
				DEVELOPMENT_TEAM = 8KSKUH7X29;
				INFOPLIST_FILE = Folledo3DFighter/Info.plist;
				LD_RUNPATH_SEARCH_PATHS = "$(inherited) @executable_path/Frameworks";
				PRODUCT_BUNDLE_IDENTIFIER = com.Kobe.Folledo3DFighter;
				PRODUCT_NAME = "$(TARGET_NAME)";
				PROVISIONING_PROFILE_SPECIFIER = "";
				SWIFT_VERSION = 4.0;
				TARGETED_DEVICE_FAMILY = "1,2";
			};
			name = Release;
		};
/* End XCBuildConfiguration section */

/* Begin XCConfigurationList section */
		CD073D7A1FEC7DE3007B4B33 /* Build configuration list for PBXProject "Folledo3DFighter" */ = {
			isa = XCConfigurationList;
			buildConfigurations = (
				CD073D911FEC7DE3007B4B33 /* Debug */,
				CD073D921FEC7DE3007B4B33 /* Release */,
			);
			defaultConfigurationIsVisible = 0;
			defaultConfigurationName = Release;
		};
		CD073D931FEC7DE4007B4B33 /* Build configuration list for PBXNativeTarget "Folledo3DFighter" */ = {
			isa = XCConfigurationList;
			buildConfigurations = (
				CD073D941FEC7DE4007B4B33 /* Debug */,
				CD073D951FEC7DE4007B4B33 /* Release */,
			);
			defaultConfigurationIsVisible = 0;
			defaultConfigurationName = Release;
		};
/* End XCConfigurationList section */
	};
	rootObject = CD073D771FEC7DE3007B4B33 /* Project object */;
}
